{
  "name": "u2-task1",
  "version": "1.0.0",
  "lockfileVersion": 1,
  "requires": true,
  "dependencies": {
    "@types/es6-promise": {
      "version": "3.3.0",
      "resolved": "https://registry.npmjs.org/@types/es6-promise/-/es6-promise-3.3.0.tgz",
      "integrity": "sha512-ixCIAEkLUKv9movnHKCzx2rzAJgEnSALDXPrOSSwOjWwXFs0ssSZKan+O2e3FExPPCbX+DfA9NcKsbvLuyUlNA==",
      "dev": true,
      "requires": {
        "es6-promise": "4.2.4"
      }
    },
    "@types/node": {
      "version": "8.10.10",
      "resolved": "https://registry.npmjs.org/@types/node/-/node-8.10.10.tgz",
      "integrity": "sha512-p3W/hFzQs76RlYRIZsZc5a9bht6m0TspmWYYbKhRswmLnwj9fsE40EbuGifeu/XWR/c0UJQ1DDbvTxIsm/OOAA==",
      "dev": true
    },
    "es6-promise": {
      "version": "4.2.4",
      "resolved": "https://registry.npmjs.org/es6-promise/-/es6-promise-4.2.4.tgz",
      "integrity": "sha512-/NdNZVJg+uZgtm9eS3O6lrOLYmQag2DjdEXuPaHlZ6RuVqgqaVZfgYCepEIKsLqwdQArOPtC3XzRLqGGfT8KQQ==",
      "dev": true
    }
  }
}
